{
  "originHash" : "351aaff92dec93f04a2fdd631010a46ac6509f5952cc8e4c25eac9b085626d17",
  "pins" : [
    {
      "identity" : "openssl-package",
      "kind" : "remoteSourceControl",
      "location" : "https://github.com/krzyzanowskim/OpenSSL-Package.git",
      "state" : {
        "revision" : "4db40e8f0bac4edd7b605cc692b924b558f0d125",
        "version" : "3.6.1"
      }
    }
  ],
  "version" : 3
}
